// !$*UTF8*$!
{
	archiveVersion = 1;
	classes = {
	};
	objectVersion = 48;
	objects = {

/* Begin PBXBuildFile section */
		4DADF34E1F1303170060A91A /* AppDelegate.swift in Sources */ = {isa = PBXBuildFile; fileRef = 4DADF34D1F1303170060A91A /* AppDelegate.swift */; };
		4DADF3501F1303170060A91A /* FaceViewController.swift in Sources */ = {isa = PBXBuildFile; fileRef = 4DADF34F1F1303170060A91A /* FaceViewController.swift */; };
		4DADF3531F1303170060A91A /* Main.storyboard in Resources */ = {isa = PBXBuildFile; fileRef = 4DADF3511F1303170060A91A /* Main.storyboard */; };
		4DADF3551F1303170060A91A /* Assets.xcassets in Resources */ = {isa = PBXBuildFile; fileRef = 4DADF3541F1303170060A91A /* Assets.xcassets */; };
		4DADF3581F1303170060A91A /* LaunchScreen.storyboard in Resources */ = {isa = PBXBuildFile; fileRef = 4DADF3561F1303170060A91A /* LaunchScreen.storyboard */; };
		4DADF3611F1305090060A91A /* FaceView.swift in Sources */ = {isa = PBXBuildFile; fileRef = 4DADF3601F1305090060A91A /* FaceView.swift */; };
		4DC737FC1F19AA04009B2A19 /* FacialExpression.swift in Sources */ = {isa = PBXBuildFile; fileRef = 4DC737FB1F19AA04009B2A19 /* FacialExpression.swift */; };
		4DC737FE1F26E16D009B2A19 /* EmotionsViewController.swift in Sources */ = {isa = PBXBuildFile; fileRef = 4DC737FD1F26E16D009B2A19 /* EmotionsViewController.swift */; };
		4DC738001F2AD68F009B2A19 /* VCL.swift in Sources */ = {isa = PBXBuildFile; fileRef = 4DC737FF1F2AD68E009B2A19 /* VCL.swift */; };
/* End PBXBuildFile section */

/* Begin PBXFileReference section */
		4DADF34A1F1303160060A91A /* FaceIt.app */ = {isa = PBXFileReference; explicitFileType = wrapper.application; includeInIndex = 0; path = FaceIt.app; sourceTree = BUILT_PRODUCTS_DIR; };
		4DADF34D1F1303170060A91A /* AppDelegate.swift */ = {isa = PBXFileReference; lastKnownFileType = sourcecode.swift; path = AppDelegate.swift; sourceTree = "<group>"; };
		4DADF34F1F1303170060A91A /* FaceViewController.swift */ = {isa = PBXFileReference; lastKnownFileType = sourcecode.swift; path = FaceViewController.swift; sourceTree = "<group>"; };
		4DADF3521F1303170060A91A /* Base */ = {isa = PBXFileReference; lastKnownFileType = file.storyboard; name = Base; path = Base.lproj/Main.storyboard; sourceTree = "<group>"; };
		4DADF3541F1303170060A91A /* Assets.xcassets */ = {isa = PBXFileReference; lastKnownFileType = folder.assetcatalog; path = Assets.xcassets; sourceTree = "<group>"; };
		4DADF3571F1303170060A91A /* Base */ = {isa = PBXFileReference; lastKnownFileType = file.storyboard; name = Base; path = Base.lproj/LaunchScreen.storyboard; sourceTree = "<group>"; };
		4DADF3591F1303170060A91A /* Info.plist */ = {isa = PBXFileReference; lastKnownFileType = text.plist.xml; path = Info.plist; sourceTree = "<group>"; };
		4DADF3601F1305090060A91A /* FaceView.swift */ = {isa = PBXFileReference; lastKnownFileType = sourcecode.swift; path = FaceView.swift; sourceTree = "<group>"; };
		4DC737FB1F19AA04009B2A19 /* FacialExpression.swift */ = {isa = PBXFileReference; lastKnownFileType = sourcecode.swift; path = FacialExpression.swift; sourceTree = "<group>"; };
		4DC737FD1F26E16D009B2A19 /* EmotionsViewController.swift */ = {isa = PBXFileReference; lastKnownFileType = sourcecode.swift; path = EmotionsViewController.swift; sourceTree = "<group>"; };
		4DC737FF1F2AD68E009B2A19 /* VCL.swift */ = {isa = PBXFileReference; fileEncoding = 4; lastKnownFileType = sourcecode.swift; name = VCL.swift; path = "../../../../../Downloads/FaceIt L6/FaceIt/VCL.swift"; sourceTree = "<group>"; };
/* End PBXFileReference section */

/* Begin PBXFrameworksBuildPhase section */
		4DADF3471F1303160060A91A /* Frameworks */ = {
			isa = PBXFrameworksBuildPhase;
			buildActionMask = 2147483647;
			files = (
			);
			runOnlyForDeploymentPostprocessing = 0;
		};
/* End PBXFrameworksBuildPhase section */

/* Begin PBXGroup section */
		4DADF3411F1303160060A91A = {
			isa = PBXGroup;
			children = (
				4DADF34C1F1303160060A91A /* FaceIt */,
				4DADF34B1F1303160060A91A /* Products */,
			);
			sourceTree = "<group>";
		};
		4DADF34B1F1303160060A91A /* Products */ = {
			isa = PBXGroup;
			children = (
				4DADF34A1F1303160060A91A /* FaceIt.app */,
			);
			name = Products;
			sourceTree = "<group>";
		};
		4DADF34C1F1303160060A91A /* FaceIt */ = {
			isa = PBXGroup;
			children = (
				4DC737FD1F26E16D009B2A19 /* EmotionsViewController.swift */,
				4DADF34F1F1303170060A91A /* FaceViewController.swift */,
				4DC737FB1F19AA04009B2A19 /* FacialExpression.swift */,
				4DADF3511F1303170060A91A /* Main.storyboard */,
				4DADF3601F1305090060A91A /* FaceView.swift */,
				4DC737FF1F2AD68E009B2A19 /* VCL.swift */,
				4DADF3591F1303170060A91A /* Info.plist */,
				4DADF35F1F1303710060A91A /* Supporting Files */,
			);
			path = FaceIt;
			sourceTree = "<group>";
		};
		4DADF35F1F1303710060A91A /* Supporting Files */ = {
			isa = PBXGroup;
			children = (
				4DADF34D1F1303170060A91A /* AppDelegate.swift */,
				4DADF3541F1303170060A91A /* Assets.xcassets */,
				4DADF3561F1303170060A91A /* LaunchScreen.storyboard */,
			);
			path = "Supporting Files";
			sourceTree = "<group>";
		};
/* End PBXGroup section */

/* Begin PBXNativeTarget section */
		4DADF3491F1303160060A91A /* FaceIt */ = {
			isa = PBXNativeTarget;
			buildConfigurationList = 4DADF35C1F1303170060A91A /* Build configuration list for PBXNativeTarget "FaceIt" */;
			buildPhases = (
				4DADF3461F1303160060A91A /* Sources */,
				4DADF3471F1303160060A91A /* Frameworks */,
				4DADF3481F1303160060A91A /* Resources */,
			);
			buildRules = (
			);
			dependencies = (
			);
			name = FaceIt;
			productName = FaceIt;
			productReference = 4DADF34A1F1303160060A91A /* FaceIt.app */;
			productType = "com.apple.product-type.application";
		};
/* End PBXNativeTarget section */

/* Begin PBXProject section */
		4DADF3421F1303160060A91A /* Project object */ = {
			isa = PBXProject;
			attributes = {
				LastSwiftUpdateCheck = 0900;
				LastUpgradeCheck = 0900;
				ORGANIZATIONNAME = ZhangChuanhui;
				TargetAttributes = {
					4DADF3491F1303160060A91A = {
						CreatedOnToolsVersion = 9.0;
					};
				};
			};
			buildConfigurationList = 4DADF3451F1303160060A91A /* Build configuration list for PBXProject "FaceIt" */;
			compatibilityVersion = "Xcode 8.0";
			developmentRegion = en;
			hasScannedForEncodings = 0;
			knownRegions = (
				en,
				Base,
			);
			mainGroup = 4DADF3411F1303160060A91A;
			productRefGroup = 4DADF34B1F1303160060A91A /* Products */;
			projectDirPath = "";
			projectRoot = "";
			targets = (
				4DADF3491F1303160060A91A /* FaceIt */,
			);
		};
/* End PBXProject section */

/* Begin PBXResourcesBuildPhase section */
		4DADF3481F1303160060A91A /* Resources */ = {
			isa = PBXResourcesBuildPhase;
			buildActionMask = 2147483647;
			files = (
				4DADF3581F1303170060A91A /* LaunchScreen.storyboard in Resources */,
				4DADF3551F1303170060A91A /* Assets.xcassets in Resources */,
				4DADF3531F1303170060A91A /* Main.storyboard in Resources */,
			);
			runOnlyForDeploymentPostprocessing = 0;
		};
/* End PBXResourcesBuildPhase section */

/* Begin PBXSourcesBuildPhase section */
		4DADF3461F1303160060A91A /* Sources */ = {
			isa = PBXSourcesBuildPhase;
			buildActionMask = 2147483647;
			files = (
				4DADF3501F1303170060A91A /* FaceViewController.swift in Sources */,
				4DC737FC1F19AA04009B2A19 /* FacialExpression.swift in Sources */,
				4DC737FE1F26E16D009B2A19 /* EmotionsViewController.swift in Sources */,
				4DC738001F2AD68F009B2A19 /* VCL.swift in Sources */,
				4DADF34E1F1303170060A91A /* AppDelegate.swift in Sources */,
				4DADF3611F1305090060A91A /* FaceView.swift in Sources */,
			);
			runOnlyForDeploymentPostprocessing = 0;
		};
/* End PBXSourcesBuildPhase section */

/* Begin PBXVariantGroup section */
		4DADF3511F1303170060A91A /* Main.storyboard */ = {
			isa = PBXVariantGroup;
			children = (
				4DADF3521F1303170060A91A /* Base */,
			);
			name = Main.storyboard;
			sourceTree = "<group>";
		};
		4DADF3561F1303170060A91A /* LaunchScreen.storyboard */ = {
			isa = PBXVariantGroup;
			children = (
				4DADF3571F1303170060A91A /* Base */,
			);
			name = LaunchScreen.storyboard;
			path = ..;
			sourceTree = "<group>";
		};
/* End PBXVariantGroup section */

/* Begin XCBuildConfiguration section */
		4DADF35A1F1303170060A91A /* Debug */ = {
			isa = XCBuildConfiguration;
			buildSettings = {
				ALWAYS_SEARCH_USER_PATHS = NO;
				CLANG_ANALYZER_NONNULL = YES;
				CLANG_ANALYZER_NUMBER_OBJECT_CONVERSION = YES_AGGRESSIVE;
				CLANG_CXX_LANGUAGE_STANDARD = "gnu++14";
				CLANG_CXX_LIBRARY = "libc++";
				CLANG_ENABLE_MODULES = YES;
				CLANG_ENABLE_OBJC_ARC = YES;
				CLANG_WARN_BLOCK_CAPTURE_AUTORELEASING = YES;
				CLANG_WARN_BOOL_CONVERSION = YES;
				CLANG_WARN_COMMA = YES;
				CLANG_WARN_CONSTANT_CONVERSION = YES;
				CLANG_WARN_DIRECT_OBJC_ISA_USAGE = YES_ERROR;
				CLANG_WARN_DOCUMENTATION_COMMENTS = YES;
				CLANG_WARN_EMPTY_BODY = YES;
				CLANG_WARN_ENUM_CONVERSION = YES;
				CLANG_WARN_INFINITE_RECURSION = YES;
				CLANG_WARN_INT_CONVERSION = YES;
				CLANG_WARN_OBJC_ROOT_CLASS = YES_ERROR;
				CLANG_WARN_RANGE_LOOP_ANALYSIS = YES;
				CLANG_WARN_STRICT_PROTOTYPES = YES;
				CLANG_WARN_SUSPICIOUS_MOVE = YES;
				CLANG_WARN_UNGUARDED_AVAILABILITY = YES_AGGRESSIVE;
				CLANG_WARN_UNREACHABLE_CODE = YES;
				CLANG_WARN__DUPLICATE_METHOD_MATCH = YES;
				CODE_SIGN_IDENTITY = "iPhone Developer";
				COPY_PHASE_STRIP = NO;
				DEBUG_INFORMATION_FORMAT = dwarf;
				ENABLE_STRICT_OBJC_MSGSEND = YES;
				ENABLE_TESTABILITY = YES;
				GCC_C_LANGUAGE_STANDARD = gnu11;
				GCC_DYNAMIC_NO_PIC = NO;
				GCC_NO_COMMON_BLOCKS = YES;
				GCC_OPTIMIZATION_LEVEL = 0;
				GCC_PREPROCESSOR_DEFINITIONS = (
					"DEBUG=1",
					"$(inherited)",
				);
				GCC_WARN_64_TO_32_BIT_CONVERSION = YES;
				GCC_WARN_ABOUT_RETURN_TYPE = YES_ERROR;
				GCC_WARN_UNDECLARED_SELECTOR = YES;
				GCC_WARN_UNINITIALIZED_AUTOS = YES_AGGRESSIVE;
				GCC_WARN_UNUSED_FUNCTION = YES;
				GCC_WARN_UNUSED_VARIABLE = YES;
				IPHONEOS_DEPLOYMENT_TARGET = 11.0;
				MTL_ENABLE_DEBUG_INFO = YES;
				ONLY_ACTIVE_ARCH = YES;
				SDKROOT = iphoneos;
				SWIFT_ACTIVE_COMPILATION_CONDITIONS = DEBUG;
				SWIFT_OPTIMIZATION_LEVEL = "-Onone";
			};
			name = Debug;
		};
		4DADF35B1F1303170060A91A /* Release */ = {
			isa = XCBuildConfiguration;
			buildSettings = {
				ALWAYS_SEARCH_USER_PATHS = NO;
				CLANG_ANALYZER_NONNULL = YES;
				CLANG_ANALYZER_NUMBER_OBJECT_CONVERSION = YES_AGGRESSIVE;
				CLANG_CXX_LANGUAGE_STANDARD = "gnu++14";
				CLANG_CXX_LIBRARY = "libc++";
				CLANG_ENABLE_MODULES = YES;
				CLANG_ENABLE_OBJC_ARC = YES;
				CLANG_WARN_BLOCK_CAPTURE_AUTORELEASING = YES;
				CLANG_WARN_BOOL_CONVERSION = YES;
				CLANG_WARN_COMMA = YES;
				CLANG_WARN_CONSTANT_CONVERSION = YES;
				CLANG_WARN_DIRECT_OBJC_ISA_USAGE = YES_ERROR;
				CLANG_WARN_DOCUMENTATION_COMMENTS = YES;
				CLANG_WARN_EMPTY_BODY = YES;
				CLANG_WARN_ENUM_CONVERSION = YES;
				CLANG_WARN_INFINITE_RECURSION = YES;
				CLANG_WARN_INT_CONVERSION = YES;
				CLANG_WARN_OBJC_ROOT_CLASS = YES_ERROR;
				CLANG_WARN_RANGE_LOOP_ANALYSIS = YES;
				CLANG_WARN_STRICT_PROTOTYPES = YES;
				CLANG_WARN_SUSPICIOUS_MOVE = YES;
				CLANG_WARN_UNGUARDED_AVAILABILITY = YES_AGGRESSIVE;
				CLANG_WARN_UNREACHABLE_CODE = YES;
				CLANG_WARN__DUPLICATE_METHOD_MATCH = YES;
				CODE_SIGN_IDENTITY = "iPhone Developer";
				COPY_PHASE_STRIP = NO;
				DEBUG_INFORMATION_FORMAT = "dwarf-with-dsym";
				ENABLE_NS_ASSERTIONS = NO;
				ENABLE_STRICT_OBJC_MSGSEND = YES;
				GCC_C_LANGUAGE_STANDARD = gnu11;
				GCC_NO_COMMON_BLOCKS = YES;
				GCC_WARN_64_TO_32_BIT_CONVERSION = YES;
				GCC_WARN_ABOUT_RETURN_TYPE = YES_ERROR;
				GCC_WARN_UNDECLARED_SELECTOR = YES;
				GCC_WARN_UNINITIALIZED_AUTOS = YES_AGGRESSIVE;
				GCC_WARN_UNUSED_FUNCTION = YES;
				GCC_WARN_UNUSED_VARIABLE = YES;
				IPHONEOS_DEPLOYMENT_TARGET = 11.0;
				MTL_ENABLE_DEBUG_INFO = NO;
				SDKROOT = iphoneos;
				SWIFT_OPTIMIZATION_LEVEL = "-Owholemodule";
				VALIDATE_PRODUCT = YES;
			};
			name = Release;
		};
		4DADF35D1F1303170060A91A /* Debug */ = {
			isa = XCBuildConfiguration;
			buildSettings = {
				ASSETCATALOG_COMPILER_APPICON_NAME = AppIcon;
				DEVELOPMENT_TEAM = SJX8TR8L26;
				INFOPLIST_FILE = FaceIt/Info.plist;
				IPHONEOS_DEPLOYMENT_TARGET = 10.3;
				LD_RUNPATH_SEARCH_PATHS = "$(inherited) @executable_path/Frameworks";
				PRODUCT_BUNDLE_IDENTIFIER = com.chuanhuizhang.FaceIt;
				PRODUCT_NAME = "$(TARGET_NAME)";
				SWIFT_VERSION = 4.0;
				TARGETED_DEVICE_FAMILY = "1,2";
			};
			name = Debug;
		};
		4DADF35E1F1303170060A91A /* Release */ = {
			isa = XCBuildConfiguration;
			buildSettings = {
				ASSETCATALOG_COMPILER_APPICON_NAME = AppIcon;
				DEVELOPMENT_TEAM = SJX8TR8L26;
				INFOPLIST_FILE = FaceIt/Info.plist;
				IPHONEOS_DEPLOYMENT_TARGET = 10.3;
				LD_RUNPATH_SEARCH_PATHS = "$(inherited) @executable_path/Frameworks";
				PRODUCT_BUNDLE_IDENTIFIER = com.chuanhuizhang.FaceIt;
				PRODUCT_NAME = "$(TARGET_NAME)";
				SWIFT_VERSION = 4.0;
				TARGETED_DEVICE_FAMILY = "1,2";
			};
			name = Release;
		};
/* End XCBuildConfiguration section */

/* Begin XCConfigurationList section */
		4DADF3451F1303160060A91A /* Build configuration list for PBXProject "FaceIt" */ = {
			isa = XCConfigurationList;
			buildConfigurations = (
				4DADF35A1F1303170060A91A /* Debug */,
				4DADF35B1F1303170060A91A /* Release */,
			);
			defaultConfigurationIsVisible = 0;
			defaultConfigurationName = Release;
		};
		4DADF35C1F1303170060A91A /* Build configuration list for PBXNativeTarget "FaceIt" */ = {
			isa = XCConfigurationList;
			buildConfigurations = (
				4DADF35D1F1303170060A91A /* Debug */,
				4DADF35E1F1303170060A91A /* Release */,
			);
			defaultConfigurationIsVisible = 0;
			defaultConfigurationName = Release;
		};
/* End XCConfigurationList section */
	};
	rootObject = 4DADF3421F1303160060A91A /* Project object */;
}
